
Microsoft Visual Studio Solution File, Format Version 12.00
# Visual Studio Version 17
VisualStudioVersion = 17.7.34221.43
MinimumVisualStudioVersion = 10.0.40219.1
Project("{8BC9CEB8-8B4A-11D0-8D11-00A0C91BC942}") = "lab64it", "lab64it\lab64it.vcxproj", "{E89AD141-D565-4BF7-AAD4-75D460DE3588}"
EndProject
Project("{8BC9CEB8-8B4A-11D0-8D11-00A0C91BC942}") = "UnitTest64it", "UnitTest64it\UnitTest64it.vcxproj", "{58712950-0872-4A62-9C38-56811CC97279}"
EndProject
Global
	GlobalSection(SolutionConfigurationPlatforms) = preSolution
		Debug|x64 = Debug|x64
		Debug|x86 = Debug|x86
		Release|x64 = Release|x64
		Release|x86 = Release|x86
	EndGlobalSection
	GlobalSection(ProjectConfigurationPlatforms) = postSolution
		{E89AD141-D565-4BF7-AAD4-75D460DE3588}.Debug|x64.ActiveCfg = Debug|x64
		{E89AD141-D565-4BF7-AAD4-75D460DE3588}.Debug|x64.Build.0 = Debug|x64
		{E89AD141-D565-4BF7-AAD4-75D460DE3588}.Debug|x86.ActiveCfg = Debug|Win32
		{E89AD141-D565-4BF7-AAD4-75D460DE3588}.Debug|x86.Build.0 = Debug|Win32
		{E89AD141-D565-4BF7-AAD4-75D460DE3588}.Release|x64.ActiveCfg = Release|x64
		{E89AD141-D565-4BF7-AAD4-75D460DE3588}.Release|x64.Build.0 = Release|x64
		{E89AD141-D565-4BF7-AAD4-75D460DE3588}.Release|x86.ActiveCfg = Release|Win32
		{E89AD141-D565-4BF7-AAD4-75D460DE3588}.Release|x86.Build.0 = Release|Win32
		{58712950-0872-4A62-9C38-56811CC97279}.Debug|x64.ActiveCfg = Debug|x64
		{58712950-0872-4A62-9C38-56811CC97279}.Debug|x64.Build.0 = Debug|x64
		{58712950-0872-4A62-9C38-56811CC97279}.Debug|x86.ActiveCfg = Debug|Win32
		{58712950-0872-4A62-9C38-56811CC97279}.Debug|x86.Build.0 = Debug|Win32
		{58712950-0872-4A62-9C38-56811CC97279}.Release|x64.ActiveCfg = Release|x64
		{58712950-0872-4A62-9C38-56811CC97279}.Release|x64.Build.0 = Release|x64
		{58712950-0872-4A62-9C38-56811CC97279}.Release|x86.ActiveCfg = Release|Win32
		{58712950-0872-4A62-9C38-56811CC97279}.Release|x86.Build.0 = Release|Win32
	EndGlobalSection
	GlobalSection(SolutionProperties) = preSolution
		HideSolutionNode = FALSE
	EndGlobalSection
	GlobalSection(ExtensibilityGlobals) = postSolution
		SolutionGuid = {4044C0F6-EA22-498F-BEB8-2086E73855B9}
	EndGlobalSection
EndGlobal
